
Microsoft Visual Studio Solution File, Format Version 12.00
# Visual Studio Version 16
VisualStudioVersion = 16.0.30711.63
MinimumVisualStudioVersion = 10.0.40219.1
Project("{2150E333-8FDC-42A3-9474-1A3956D46DE8}") = "build", "build", "{18F480F4-EA4E-4124-BE05-CB3E5B4F8D64}"
	ProjectSection(SolutionItems) = preProject
		dependencies.props = dependencies.props
	EndProjectSection
EndProject
Project("{2150E333-8FDC-42A3-9474-1A3956D46DE8}") = "src", "src", "{0F080404-0490-4AD4-B154-51212C840700}"
	ProjectSection(SolutionItems) = preProject
		Directory.Build.props = Directory.Build.props
	EndProjectSection
EndProject
Project("{2150E333-8FDC-42A3-9474-1A3956D46DE8}") = "test", "test", "{66A87CD1-D7D6-47EC-80DE-313BA8615293}"
EndProject
Project("{9A19103F-16F7-4668-BE54-9A1E7A4F7556}") = "ApiGateway", "ApiGateway\ApiGateway.csproj", "{7BC26680-D47C-4CCC-94DB-7DE401155030}"
EndProject
Project("{2150E333-8FDC-42A3-9474-1A3956D46DE8}") = "Gateway", "Gateway", "{3D382C98-C4A1-4171-BA62-9ED44CB01710}"
EndProject
Project("{2150E333-8FDC-42A3-9474-1A3956D46DE8}") = "BuildingBlocks", "BuildingBlocks", "{C58AC8C3-3718-4FED-A44F-552509847283}"
EndProject
Project("{2150E333-8FDC-42A3-9474-1A3956D46DE8}") = "Services", "Services", "{0C95757B-7418-4805-804E-36B8F29D7750}"
EndProject
Project("{2150E333-8FDC-42A3-9474-1A3956D46DE8}") = "Shared", "Shared", "{BEED9D98-EBD4-457A-9033-3EA3F9AECFC8}"
EndProject
Project("{2150E333-8FDC-42A3-9474-1A3956D46DE8}") = "WebHost", "WebHost", "{241320DE-F5CB-49F1-BA13-10E3D1F28C0E}"
EndProject
Project("{2150E333-8FDC-42A3-9474-1A3956D46DE8}") = "Support", "Support", "{8F423128-1108-4624-8E4E-971DD2E9F590}"
EndProject
Project("{2150E333-8FDC-42A3-9474-1A3956D46DE8}") = "GDOC", "GDOC", "{D6642F89-7B19-4479-8451-EA545144FAA4}"
EndProject
Project("{9A19103F-16F7-4668-BE54-9A1E7A4F7556}") = "GDOCService.API", "GDOCService.API\GDOCService.API.csproj", "{98518B13-0065-4522-A745-9AAD395F38B3}"
EndProject
Project("{9A19103F-16F7-4668-BE54-9A1E7A4F7556}") = "EventBus", "EventBus\EventBus.csproj", "{ADE57C2D-6313-4628-B5A4-6B6E1806EAAD}"
EndProject
Project("{2150E333-8FDC-42A3-9474-1A3956D46DE8}") = "EventBus", "EventBus", "{1D1DC6DC-C4F2-43A3-8081-AC0CD431179A}"
EndProject
Project("{9A19103F-16F7-4668-BE54-9A1E7A4F7556}") = "EventBusRabbitMQ", "EventBusRabbitMQ\EventBusRabbitMQ.csproj", "{0B31F386-2BF3-4190-9E5C-D1340AB7AB71}"
EndProject
Project("{9A19103F-16F7-4668-BE54-9A1E7A4F7556}") = "SharedService", "SharedService\SharedService.csproj", "{F61ED392-3451-4112-8C24-AD422D4ABE77}"
EndProject
Project("{9A19103F-16F7-4668-BE54-9A1E7A4F7556}") = "IntegrationEventLog", "IntegrationEventLog\IntegrationEventLog.csproj", "{877A9D6D-DE1A-468B-A273-2A67E50F4CEB}"
EndProject
Project("{9A19103F-16F7-4668-BE54-9A1E7A4F7556}") = "WebHost.Customization", "WebHost.Customization\WebHost.Customization.csproj", "{7407502F-98F2-4E32-A228-441D4F6963A2}"
EndProject
Project("{9A19103F-16F7-4668-BE54-9A1E7A4F7556}") = "Devspaces.Support", "Devspaces.Support\Devspaces.Support.csproj", "{5CF8AFA9-80E4-445E-B3BB-E52E33439F87}"
EndProject
Project("{9A19103F-16F7-4668-BE54-9A1E7A4F7556}") = "GDOCService.DataAccess", "GDOCService.DataAccess\GDOCService.DataAccess.csproj", "{0D58A3D9-B43F-4BB6-8518-1014320367F1}"
EndProject
Project("{9A19103F-16F7-4668-BE54-9A1E7A4F7556}") = "GDOCService.Rules", "GDOCService.Rules\GDOCService.Rules.csproj", "{B8DE259D-E941-4E4D-9FDC-DBD077E76C71}"
EndProject
Global
	GlobalSection(SolutionConfigurationPlatforms) = preSolution
		Debug|Any CPU = Debug|Any CPU
		Release|Any CPU = Release|Any CPU
	EndGlobalSection
	GlobalSection(ProjectConfigurationPlatforms) = postSolution
		{7BC26680-D47C-4CCC-94DB-7DE401155030}.Debug|Any CPU.ActiveCfg = Debug|Any CPU
		{7BC26680-D47C-4CCC-94DB-7DE401155030}.Debug|Any CPU.Build.0 = Debug|Any CPU
		{7BC26680-D47C-4CCC-94DB-7DE401155030}.Release|Any CPU.ActiveCfg = Release|Any CPU
		{7BC26680-D47C-4CCC-94DB-7DE401155030}.Release|Any CPU.Build.0 = Release|Any CPU
		{98518B13-0065-4522-A745-9AAD395F38B3}.Debug|Any CPU.ActiveCfg = Debug|Any CPU
		{98518B13-0065-4522-A745-9AAD395F38B3}.Debug|Any CPU.Build.0 = Debug|Any CPU
		{98518B13-0065-4522-A745-9AAD395F38B3}.Release|Any CPU.ActiveCfg = Release|Any CPU
		{98518B13-0065-4522-A745-9AAD395F38B3}.Release|Any CPU.Build.0 = Release|Any CPU
		{ADE57C2D-6313-4628-B5A4-6B6E1806EAAD}.Debug|Any CPU.ActiveCfg = Debug|Any CPU
		{ADE57C2D-6313-4628-B5A4-6B6E1806EAAD}.Debug|Any CPU.Build.0 = Debug|Any CPU
		{ADE57C2D-6313-4628-B5A4-6B6E1806EAAD}.Release|Any CPU.ActiveCfg = Release|Any CPU
		{ADE57C2D-6313-4628-B5A4-6B6E1806EAAD}.Release|Any CPU.Build.0 = Release|Any CPU
		{0B31F386-2BF3-4190-9E5C-D1340AB7AB71}.Debug|Any CPU.ActiveCfg = Debug|Any CPU
		{0B31F386-2BF3-4190-9E5C-D1340AB7AB71}.Debug|Any CPU.Build.0 = Debug|Any CPU
		{0B31F386-2BF3-4190-9E5C-D1340AB7AB71}.Release|Any CPU.ActiveCfg = Release|Any CPU
		{0B31F386-2BF3-4190-9E5C-D1340AB7AB71}.Release|Any CPU.Build.0 = Release|Any CPU
		{F61ED392-3451-4112-8C24-AD422D4ABE77}.Debug|Any CPU.ActiveCfg = Debug|Any CPU
		{F61ED392-3451-4112-8C24-AD422D4ABE77}.Debug|Any CPU.Build.0 = Debug|Any CPU
		{F61ED392-3451-4112-8C24-AD422D4ABE77}.Release|Any CPU.ActiveCfg = Release|Any CPU
		{F61ED392-3451-4112-8C24-AD422D4ABE77}.Release|Any CPU.Build.0 = Release|Any CPU
		{877A9D6D-DE1A-468B-A273-2A67E50F4CEB}.Debug|Any CPU.ActiveCfg = Debug|Any CPU
		{877A9D6D-DE1A-468B-A273-2A67E50F4CEB}.Debug|Any CPU.Build.0 = Debug|Any CPU
		{877A9D6D-DE1A-468B-A273-2A67E50F4CEB}.Release|Any CPU.ActiveCfg = Release|Any CPU
		{877A9D6D-DE1A-468B-A273-2A67E50F4CEB}.Release|Any CPU.Build.0 = Release|Any CPU
		{7407502F-98F2-4E32-A228-441D4F6963A2}.Debug|Any CPU.ActiveCfg = Debug|Any CPU
		{7407502F-98F2-4E32-A228-441D4F6963A2}.Debug|Any CPU.Build.0 = Debug|Any CPU
		{7407502F-98F2-4E32-A228-441D4F6963A2}.Release|Any CPU.ActiveCfg = Release|Any CPU
		{7407502F-98F2-4E32-A228-441D4F6963A2}.Release|Any CPU.Build.0 = Release|Any CPU
		{5CF8AFA9-80E4-445E-B3BB-E52E33439F87}.Debug|Any CPU.ActiveCfg = Debug|Any CPU
		{5CF8AFA9-80E4-445E-B3BB-E52E33439F87}.Debug|Any CPU.Build.0 = Debug|Any CPU
		{5CF8AFA9-80E4-445E-B3BB-E52E33439F87}.Release|Any CPU.ActiveCfg = Release|Any CPU
		{5CF8AFA9-80E4-445E-B3BB-E52E33439F87}.Release|Any CPU.Build.0 = Release|Any CPU
		{0D58A3D9-B43F-4BB6-8518-1014320367F1}.Debug|Any CPU.ActiveCfg = Debug|Any CPU
		{0D58A3D9-B43F-4BB6-8518-1014320367F1}.Debug|Any CPU.Build.0 = Debug|Any CPU
		{0D58A3D9-B43F-4BB6-8518-1014320367F1}.Release|Any CPU.ActiveCfg = Release|Any CPU
		{0D58A3D9-B43F-4BB6-8518-1014320367F1}.Release|Any CPU.Build.0 = Release|Any CPU
		{B8DE259D-E941-4E4D-9FDC-DBD077E76C71}.Debug|Any CPU.ActiveCfg = Debug|Any CPU
		{B8DE259D-E941-4E4D-9FDC-DBD077E76C71}.Debug|Any CPU.Build.0 = Debug|Any CPU
		{B8DE259D-E941-4E4D-9FDC-DBD077E76C71}.Release|Any CPU.ActiveCfg = Release|Any CPU
		{B8DE259D-E941-4E4D-9FDC-DBD077E76C71}.Release|Any CPU.Build.0 = Release|Any CPU
	EndGlobalSection
	GlobalSection(SolutionProperties) = preSolution
		HideSolutionNode = FALSE
	EndGlobalSection
	GlobalSection(NestedProjects) = preSolution
		{7BC26680-D47C-4CCC-94DB-7DE401155030} = {3D382C98-C4A1-4171-BA62-9ED44CB01710}
		{3D382C98-C4A1-4171-BA62-9ED44CB01710} = {0F080404-0490-4AD4-B154-51212C840700}
		{C58AC8C3-3718-4FED-A44F-552509847283} = {0F080404-0490-4AD4-B154-51212C840700}
		{0C95757B-7418-4805-804E-36B8F29D7750} = {0F080404-0490-4AD4-B154-51212C840700}
		{BEED9D98-EBD4-457A-9033-3EA3F9AECFC8} = {0F080404-0490-4AD4-B154-51212C840700}
		{241320DE-F5CB-49F1-BA13-10E3D1F28C0E} = {C58AC8C3-3718-4FED-A44F-552509847283}
		{8F423128-1108-4624-8E4E-971DD2E9F590} = {C58AC8C3-3718-4FED-A44F-552509847283}
		{D6642F89-7B19-4479-8451-EA545144FAA4} = {0C95757B-7418-4805-804E-36B8F29D7750}
		{98518B13-0065-4522-A745-9AAD395F38B3} = {D6642F89-7B19-4479-8451-EA545144FAA4}
		{ADE57C2D-6313-4628-B5A4-6B6E1806EAAD} = {1D1DC6DC-C4F2-43A3-8081-AC0CD431179A}
		{1D1DC6DC-C4F2-43A3-8081-AC0CD431179A} = {C58AC8C3-3718-4FED-A44F-552509847283}
		{0B31F386-2BF3-4190-9E5C-D1340AB7AB71} = {1D1DC6DC-C4F2-43A3-8081-AC0CD431179A}
		{F61ED392-3451-4112-8C24-AD422D4ABE77} = {BEED9D98-EBD4-457A-9033-3EA3F9AECFC8}
		{877A9D6D-DE1A-468B-A273-2A67E50F4CEB} = {1D1DC6DC-C4F2-43A3-8081-AC0CD431179A}
		{7407502F-98F2-4E32-A228-441D4F6963A2} = {241320DE-F5CB-49F1-BA13-10E3D1F28C0E}
		{5CF8AFA9-80E4-445E-B3BB-E52E33439F87} = {8F423128-1108-4624-8E4E-971DD2E9F590}
		{0D58A3D9-B43F-4BB6-8518-1014320367F1} = {D6642F89-7B19-4479-8451-EA545144FAA4}
		{B8DE259D-E941-4E4D-9FDC-DBD077E76C71} = {D6642F89-7B19-4479-8451-EA545144FAA4}
	EndGlobalSection
	GlobalSection(ExtensibilityGlobals) = postSolution
		SolutionGuid = {54C211A6-D5A6-4D6C-B676-6B9A80DC86A4}
	EndGlobalSection
EndGlobal
